
Microsoft Visual Studio Solution File, Format Version 12.00
# Visual Studio Version 17
VisualStudioVersion = 17.2.32526.322
MinimumVisualStudioVersion = 10.0.40219.1
Project("{888888A0-9F3D-457C-B088-3A5042F75D52}") = "using tuples to out addresses from a mail", "using tuples to out addresses from a mail.pyproj", "{9FA29168-02D9-4D2E-83DD-6744C8948941}"
EndProject
Global
	GlobalSection(SolutionConfigurationPlatforms) = preSolution
		Debug|Any CPU = Debug|Any CPU
		Release|Any CPU = Release|Any CPU
	EndGlobalSection
	GlobalSection(ProjectConfigurationPlatforms) = postSolution
		{9FA29168-02D9-4D2E-83DD-6744C8948941}.Debug|Any CPU.ActiveCfg = Debug|Any CPU
		{9FA29168-02D9-4D2E-83DD-6744C8948941}.Release|Any CPU.ActiveCfg = Release|Any CPU
	EndGlobalSection
	GlobalSection(SolutionProperties) = preSolution
		HideSolutionNode = FALSE
	EndGlobalSection
	GlobalSection(ExtensibilityGlobals) = postSolution
		SolutionGuid = {BC979354-50DB-4677-92BC-EC02403DC653}
	EndGlobalSection
EndGlobal
